
Microsoft Visual Studio Solution File, Format Version 12.00
# Visual Studio 2017
Project("{FAE04EC0-301F-11D3-BF4B-00C04F79EFBC}") = "ProjectSalieri", "ProjectSalieri.csproj", "{05770B0E-4EB9-3AFA-B811-DBB047AA03DD}"
EndProject
Project("{FAE04EC0-301F-11D3-BF4B-00C04F79EFBC}") = "ProjectSalieri.Editor", "ProjectSalieri.Editor.csproj", "{BB5F6D29-2650-7C43-4A2C-7D625955A2F6}"
EndProject
Global
	GlobalSection(SolutionConfigurationPlatforms) = preSolution
		Debug|Any CPU = Debug|Any CPU
		Release|Any CPU = Release|Any CPU
	EndGlobalSection
	GlobalSection(ProjectConfigurationPlatforms) = postSolution
		{05770B0E-4EB9-3AFA-B811-DBB047AA03DD}.Debug|Any CPU.ActiveCfg = Debug|Any CPU
		{05770B0E-4EB9-3AFA-B811-DBB047AA03DD}.Debug|Any CPU.Build.0 = Debug|Any CPU
		{05770B0E-4EB9-3AFA-B811-DBB047AA03DD}.Release|Any CPU.ActiveCfg = Release|Any CPU
		{05770B0E-4EB9-3AFA-B811-DBB047AA03DD}.Release|Any CPU.Build.0 = Release|Any CPU
		{BB5F6D29-2650-7C43-4A2C-7D625955A2F6}.Debug|Any CPU.ActiveCfg = Debug|Any CPU
		{BB5F6D29-2650-7C43-4A2C-7D625955A2F6}.Debug|Any CPU.Build.0 = Debug|Any CPU
		{BB5F6D29-2650-7C43-4A2C-7D625955A2F6}.Release|Any CPU.ActiveCfg = Release|Any CPU
		{BB5F6D29-2650-7C43-4A2C-7D625955A2F6}.Release|Any CPU.Build.0 = Release|Any CPU
	EndGlobalSection
	GlobalSection(SolutionProperties) = preSolution
		HideSolutionNode = FALSE
	EndGlobalSection
EndGlobal
